
Microsoft Visual Studio Solution File, Format Version 12.00
# Visual Studio Version 17
VisualStudioVersion = 17.0.32112.339
MinimumVisualStudioVersion = 10.0.40219.1
Project("{FAE04EC0-301F-11D3-BF4B-00C04F79EFBC}") = "Bennetts", "Bennetts\Bennetts.csproj", "{EA85D8A9-95A9-406E-80D9-9F13EBB1FA26}"
EndProject
Project("{FAE04EC0-301F-11D3-BF4B-00C04F79EFBC}") = "BennettsAPI", "BennettsAPI\BennettsAPI.csproj", "{4F28098F-E1DE-415C-8AA6-AC69E1137FFA}"
EndProject
Project("{FAE04EC0-301F-11D3-BF4B-00C04F79EFBC}") = "BennettsData", "BennettsData\BennettsData.csproj", "{EC4245D2-A48A-44F5-9215-1512346C4C38}"
EndProject
Project("{FAE04EC0-301F-11D3-BF4B-00C04F79EFBC}") = "BennettsDataModels", "BennettsDataModels\BennettsDataModels.csproj", "{EE40B60B-3297-4E99-9231-1ACEF9463365}"
EndProject
Global
	GlobalSection(SolutionConfigurationPlatforms) = preSolution
		Debug|Any CPU = Debug|Any CPU
		Release|Any CPU = Release|Any CPU
	EndGlobalSection
	GlobalSection(ProjectConfigurationPlatforms) = postSolution
		{EA85D8A9-95A9-406E-80D9-9F13EBB1FA26}.Debug|Any CPU.ActiveCfg = Debug|Any CPU
		{EA85D8A9-95A9-406E-80D9-9F13EBB1FA26}.Debug|Any CPU.Build.0 = Debug|Any CPU
		{EA85D8A9-95A9-406E-80D9-9F13EBB1FA26}.Release|Any CPU.ActiveCfg = Release|Any CPU
		{EA85D8A9-95A9-406E-80D9-9F13EBB1FA26}.Release|Any CPU.Build.0 = Release|Any CPU
		{4F28098F-E1DE-415C-8AA6-AC69E1137FFA}.Debug|Any CPU.ActiveCfg = Debug|Any CPU
		{4F28098F-E1DE-415C-8AA6-AC69E1137FFA}.Debug|Any CPU.Build.0 = Debug|Any CPU
		{4F28098F-E1DE-415C-8AA6-AC69E1137FFA}.Release|Any CPU.ActiveCfg = Release|Any CPU
		{4F28098F-E1DE-415C-8AA6-AC69E1137FFA}.Release|Any CPU.Build.0 = Release|Any CPU
		{EC4245D2-A48A-44F5-9215-1512346C4C38}.Debug|Any CPU.ActiveCfg = Debug|Any CPU
		{EC4245D2-A48A-44F5-9215-1512346C4C38}.Debug|Any CPU.Build.0 = Debug|Any CPU
		{EC4245D2-A48A-44F5-9215-1512346C4C38}.Release|Any CPU.ActiveCfg = Release|Any CPU
		{EC4245D2-A48A-44F5-9215-1512346C4C38}.Release|Any CPU.Build.0 = Release|Any CPU
		{EE40B60B-3297-4E99-9231-1ACEF9463365}.Debug|Any CPU.ActiveCfg = Debug|Any CPU
		{EE40B60B-3297-4E99-9231-1ACEF9463365}.Debug|Any CPU.Build.0 = Debug|Any CPU
		{EE40B60B-3297-4E99-9231-1ACEF9463365}.Release|Any CPU.ActiveCfg = Release|Any CPU
		{EE40B60B-3297-4E99-9231-1ACEF9463365}.Release|Any CPU.Build.0 = Release|Any CPU
	EndGlobalSection
	GlobalSection(SolutionProperties) = preSolution
		HideSolutionNode = FALSE
	EndGlobalSection
	GlobalSection(ExtensibilityGlobals) = postSolution
		SolutionGuid = {576EAC8D-5856-4D57-B5F9-5B320BE445C0}
	EndGlobalSection
EndGlobal
